
Microsoft Visual Studio Solution File, Format Version 12.00
# Visual Studio Version 17
VisualStudioVersion = 17.11.35312.102
MinimumVisualStudioVersion = 10.0.40219.1
Project("{FAE04EC0-301F-11D3-BF4B-00C04F79EFBC}") = "BarberShop", "BarberShop\BarberShop.csproj", "{FE7BEAF6-D26B-4BCB-B482-7253E918DDD8}"
EndProject
Global
	GlobalSection(SolutionConfigurationPlatforms) = preSolution
		Debug|Any CPU = Debug|Any CPU
		Release|Any CPU = Release|Any CPU
	EndGlobalSection
	GlobalSection(ProjectConfigurationPlatforms) = postSolution
		{FE7BEAF6-D26B-4BCB-B482-7253E918DDD8}.Debug|Any CPU.ActiveCfg = Debug|Any CPU
		{FE7BEAF6-D26B-4BCB-B482-7253E918DDD8}.Debug|Any CPU.Build.0 = Debug|Any CPU
		{FE7BEAF6-D26B-4BCB-B482-7253E918DDD8}.Release|Any CPU.ActiveCfg = Release|Any CPU
		{FE7BEAF6-D26B-4BCB-B482-7253E918DDD8}.Release|Any CPU.Build.0 = Release|Any CPU
	EndGlobalSection
	GlobalSection(SolutionProperties) = preSolution
		HideSolutionNode = FALSE
	EndGlobalSection
	GlobalSection(ExtensibilityGlobals) = postSolution
		SolutionGuid = {D7C59A93-B3CE-444D-A7BC-CCE772C9C35B}
	EndGlobalSection
EndGlobal
